
Microsoft Visual Studio Solution File, Format Version 12.00
# Visual Studio Version 16
VisualStudioVersion = 16.0.31205.134
MinimumVisualStudioVersion = 10.0.40219.1
Project("{FAE04EC0-301F-11D3-BF4B-00C04F79EFBC}") = "super_rpg_world", "super_rpg_world\super_rpg_world.csproj", "{F84F56EE-EC6C-4A69-B818-4115FF109542}"
EndProject
Global
	GlobalSection(SolutionConfigurationPlatforms) = preSolution
		Debug|Any CPU = Debug|Any CPU
		Release|Any CPU = Release|Any CPU
	EndGlobalSection
	GlobalSection(ProjectConfigurationPlatforms) = postSolution
		{F84F56EE-EC6C-4A69-B818-4115FF109542}.Debug|Any CPU.ActiveCfg = Debug|Any CPU
		{F84F56EE-EC6C-4A69-B818-4115FF109542}.Debug|Any CPU.Build.0 = Debug|Any CPU
		{F84F56EE-EC6C-4A69-B818-4115FF109542}.Release|Any CPU.ActiveCfg = Release|Any CPU
		{F84F56EE-EC6C-4A69-B818-4115FF109542}.Release|Any CPU.Build.0 = Release|Any CPU
	EndGlobalSection
	GlobalSection(SolutionProperties) = preSolution
		HideSolutionNode = FALSE
	EndGlobalSection
	GlobalSection(ExtensibilityGlobals) = postSolution
		SolutionGuid = {CA3D28BC-B719-45DA-ABA4-75B8309EA0B1}
	EndGlobalSection
EndGlobal
